
Microsoft Visual Studio Solution File, Format Version 12.00
# Visual Studio Version 17
VisualStudioVersion = 17.7.34221.43
MinimumVisualStudioVersion = 10.0.40219.1
Project("{9A19103F-16F7-4668-BE54-9A1E7A4F7556}") = "RealEstateApp", "RealEstateApp\RealEstateApp.csproj", "{69E0D2FF-D5AD-4EFD-8DE8-AB21C969B66C}"
EndProject
Project("{FAE04EC0-301F-11D3-BF4B-00C04F79EFBC}") = "RealEstateApp.Core.Domain", "RealEstateApp.Core.Domain\RealEstateApp.Core.Domain.csproj", "{4F5E51E7-2FED-4CB7-91A9-D755B45FFBF6}"
EndProject
Project("{FAE04EC0-301F-11D3-BF4B-00C04F79EFBC}") = "RealEstateApp.Core.Application", "RealEstateApp.Core.Application\RealEstateApp.Core.Application.csproj", "{128F33F9-CC5F-40CE-9592-BBCA01B4F17E}"
EndProject
Project("{FAE04EC0-301F-11D3-BF4B-00C04F79EFBC}") = "RealEstateApp.Infrastructure.Shared", "RealEstateApp.Infrastructure.Shared\RealEstateApp.Infrastructure.Shared.csproj", "{E2837FAB-1D17-4E58-9662-459228BD3D37}"
EndProject
Project("{FAE04EC0-301F-11D3-BF4B-00C04F79EFBC}") = "RealEstateApp.Infrastructure.Persistence", "RealEstateApp.Infrastructure.Persistence\RealEstateApp.Infrastructure.Persistence.csproj", "{900338E6-7C54-42BD-B41E-AD53533BE017}"
EndProject
Project("{FAE04EC0-301F-11D3-BF4B-00C04F79EFBC}") = "RealEstateApp.Infrastructure.Identity", "RealEstateApp.Infrastructure.Identity\RealEstateApp.Infrastructure.Identity.csproj", "{75C85A33-9378-478D-9A3F-48438D3ED959}"
EndProject
Project("{FAE04EC0-301F-11D3-BF4B-00C04F79EFBC}") = "RealEstateApp.WebApi", "RealEstateApp.WebApi\RealEstateApp.WebApi.csproj", "{4FAAC9F2-FE04-4A41-AE40-14995EE0FCB7}"
EndProject
Project("{2150E333-8FDC-42A3-9474-1A3956D46DE8}") = "Source", "Source", "{F77B92FE-6C2A-47A8-8447-5FCE3D371559}"
EndProject
Project("{2150E333-8FDC-42A3-9474-1A3956D46DE8}") = "Core", "Core", "{F30461D2-8087-4DC7-9015-503F65F15B51}"
EndProject
Project("{2150E333-8FDC-42A3-9474-1A3956D46DE8}") = "Infrastructure", "Infrastructure", "{02E37BB1-3BDF-4B5A-90E5-5F5B38A20866}"
EndProject
Project("{2150E333-8FDC-42A3-9474-1A3956D46DE8}") = "Presentation", "Presentation", "{FAF98CF8-A281-4BFB-AC7B-00CE464ED8BF}"
EndProject
Project("{2150E333-8FDC-42A3-9474-1A3956D46DE8}") = "WebApp", "WebApp", "{80779C4C-999F-4F9E-8983-F1B9C779FF0F}"
EndProject
Project("{2150E333-8FDC-42A3-9474-1A3956D46DE8}") = "WebApi", "WebApi", "{9D2B3868-A853-4995-93BF-113660BD3A45}"
EndProject
Global
	GlobalSection(SolutionConfigurationPlatforms) = preSolution
		Debug|Any CPU = Debug|Any CPU
		Release|Any CPU = Release|Any CPU
	EndGlobalSection
	GlobalSection(ProjectConfigurationPlatforms) = postSolution
		{69E0D2FF-D5AD-4EFD-8DE8-AB21C969B66C}.Debug|Any CPU.ActiveCfg = Debug|Any CPU
		{69E0D2FF-D5AD-4EFD-8DE8-AB21C969B66C}.Debug|Any CPU.Build.0 = Debug|Any CPU
		{69E0D2FF-D5AD-4EFD-8DE8-AB21C969B66C}.Release|Any CPU.ActiveCfg = Release|Any CPU
		{69E0D2FF-D5AD-4EFD-8DE8-AB21C969B66C}.Release|Any CPU.Build.0 = Release|Any CPU
		{4F5E51E7-2FED-4CB7-91A9-D755B45FFBF6}.Debug|Any CPU.ActiveCfg = Debug|Any CPU
		{4F5E51E7-2FED-4CB7-91A9-D755B45FFBF6}.Debug|Any CPU.Build.0 = Debug|Any CPU
		{4F5E51E7-2FED-4CB7-91A9-D755B45FFBF6}.Release|Any CPU.ActiveCfg = Release|Any CPU
		{4F5E51E7-2FED-4CB7-91A9-D755B45FFBF6}.Release|Any CPU.Build.0 = Release|Any CPU
		{128F33F9-CC5F-40CE-9592-BBCA01B4F17E}.Debug|Any CPU.ActiveCfg = Debug|Any CPU
		{128F33F9-CC5F-40CE-9592-BBCA01B4F17E}.Debug|Any CPU.Build.0 = Debug|Any CPU
		{128F33F9-CC5F-40CE-9592-BBCA01B4F17E}.Release|Any CPU.ActiveCfg = Release|Any CPU
		{128F33F9-CC5F-40CE-9592-BBCA01B4F17E}.Release|Any CPU.Build.0 = Release|Any CPU
		{E2837FAB-1D17-4E58-9662-459228BD3D37}.Debug|Any CPU.ActiveCfg = Debug|Any CPU
		{E2837FAB-1D17-4E58-9662-459228BD3D37}.Debug|Any CPU.Build.0 = Debug|Any CPU
		{E2837FAB-1D17-4E58-9662-459228BD3D37}.Release|Any CPU.ActiveCfg = Release|Any CPU
		{E2837FAB-1D17-4E58-9662-459228BD3D37}.Release|Any CPU.Build.0 = Release|Any CPU
		{900338E6-7C54-42BD-B41E-AD53533BE017}.Debug|Any CPU.ActiveCfg = Debug|Any CPU
		{900338E6-7C54-42BD-B41E-AD53533BE017}.Debug|Any CPU.Build.0 = Debug|Any CPU
		{900338E6-7C54-42BD-B41E-AD53533BE017}.Release|Any CPU.ActiveCfg = Release|Any CPU
		{900338E6-7C54-42BD-B41E-AD53533BE017}.Release|Any CPU.Build.0 = Release|Any CPU
		{75C85A33-9378-478D-9A3F-48438D3ED959}.Debug|Any CPU.ActiveCfg = Debug|Any CPU
		{75C85A33-9378-478D-9A3F-48438D3ED959}.Debug|Any CPU.Build.0 = Debug|Any CPU
		{75C85A33-9378-478D-9A3F-48438D3ED959}.Release|Any CPU.ActiveCfg = Release|Any CPU
		{75C85A33-9378-478D-9A3F-48438D3ED959}.Release|Any CPU.Build.0 = Release|Any CPU
		{4FAAC9F2-FE04-4A41-AE40-14995EE0FCB7}.Debug|Any CPU.ActiveCfg = Debug|Any CPU
		{4FAAC9F2-FE04-4A41-AE40-14995EE0FCB7}.Debug|Any CPU.Build.0 = Debug|Any CPU
		{4FAAC9F2-FE04-4A41-AE40-14995EE0FCB7}.Release|Any CPU.ActiveCfg = Release|Any CPU
		{4FAAC9F2-FE04-4A41-AE40-14995EE0FCB7}.Release|Any CPU.Build.0 = Release|Any CPU
	EndGlobalSection
	GlobalSection(SolutionProperties) = preSolution
		HideSolutionNode = FALSE
	EndGlobalSection
	GlobalSection(NestedProjects) = preSolution
		{69E0D2FF-D5AD-4EFD-8DE8-AB21C969B66C} = {80779C4C-999F-4F9E-8983-F1B9C779FF0F}
		{4F5E51E7-2FED-4CB7-91A9-D755B45FFBF6} = {F30461D2-8087-4DC7-9015-503F65F15B51}
		{128F33F9-CC5F-40CE-9592-BBCA01B4F17E} = {F30461D2-8087-4DC7-9015-503F65F15B51}
		{E2837FAB-1D17-4E58-9662-459228BD3D37} = {02E37BB1-3BDF-4B5A-90E5-5F5B38A20866}
		{900338E6-7C54-42BD-B41E-AD53533BE017} = {02E37BB1-3BDF-4B5A-90E5-5F5B38A20866}
		{75C85A33-9378-478D-9A3F-48438D3ED959} = {02E37BB1-3BDF-4B5A-90E5-5F5B38A20866}
		{4FAAC9F2-FE04-4A41-AE40-14995EE0FCB7} = {9D2B3868-A853-4995-93BF-113660BD3A45}
		{F30461D2-8087-4DC7-9015-503F65F15B51} = {F77B92FE-6C2A-47A8-8447-5FCE3D371559}
		{02E37BB1-3BDF-4B5A-90E5-5F5B38A20866} = {F77B92FE-6C2A-47A8-8447-5FCE3D371559}
		{FAF98CF8-A281-4BFB-AC7B-00CE464ED8BF} = {F77B92FE-6C2A-47A8-8447-5FCE3D371559}
		{80779C4C-999F-4F9E-8983-F1B9C779FF0F} = {FAF98CF8-A281-4BFB-AC7B-00CE464ED8BF}
		{9D2B3868-A853-4995-93BF-113660BD3A45} = {FAF98CF8-A281-4BFB-AC7B-00CE464ED8BF}
	EndGlobalSection
	GlobalSection(ExtensibilityGlobals) = postSolution
		SolutionGuid = {16E10600-6FC3-40D1-ACA5-417977C74A16}
	EndGlobalSection
EndGlobal
